lockfileVersion: '9.0'

settings:
  autoInstallPeers: true
  excludeLinksFromLockfile: false

importers:

  .:
    dependencies:
      filon-proprietary:
        specifier: file:./stubs/filon-proprietary
        version: file:stubs/filon-proprietary

packages:

  filon-proprietary@file:stubs/filon-proprietary:
    resolution: {directory: stubs/filon-proprietary, type: directory}

snapshots:

  filon-proprietary@file:stubs/filon-proprietary: {}
